
Microsoft Visual Studio Solution File, Format Version 12.00
# Visual Studio 15
VisualStudioVersion = 15.0.27428.2005
MinimumVisualStudioVersion = 10.0.40219.1
Project("{FAE04EC0-301F-11D3-BF4B-00C04F79EFBC}") = "Diagonal Difference", "Diagonal Difference\Diagonal Difference.csproj", "{B311937B-4B69-4D0F-99BC-E63D65BDBF70}"
EndProject
Global
	GlobalSection(SolutionConfigurationPlatforms) = preSolution
		Debug|Any CPU = Debug|Any CPU
		Release|Any CPU = Release|Any CPU
	EndGlobalSection
	GlobalSection(ProjectConfigurationPlatforms) = postSolution
		{B311937B-4B69-4D0F-99BC-E63D65BDBF70}.Debug|Any CPU.ActiveCfg = Debug|Any CPU
		{B311937B-4B69-4D0F-99BC-E63D65BDBF70}.Debug|Any CPU.Build.0 = Debug|Any CPU
		{B311937B-4B69-4D0F-99BC-E63D65BDBF70}.Release|Any CPU.ActiveCfg = Release|Any CPU
		{B311937B-4B69-4D0F-99BC-E63D65BDBF70}.Release|Any CPU.Build.0 = Release|Any CPU
	EndGlobalSection
	GlobalSection(SolutionProperties) = preSolution
		HideSolutionNode = FALSE
	EndGlobalSection
	GlobalSection(ExtensibilityGlobals) = postSolution
		SolutionGuid = {1C580664-8560-47FA-B20D-31D06EA8F2FB}
	EndGlobalSection
EndGlobal
