
Microsoft Visual Studio Solution File, Format Version 12.00
# Visual Studio 15
VisualStudioVersion = 15.0.27428.2005
MinimumVisualStudioVersion = 10.0.40219.1
Project("{FAE04EC0-301F-11D3-BF4B-00C04F79EFBC}") = "Birthday Cake Candles", "Birthday Cake Candles\Birthday Cake Candles.csproj", "{92D0323F-220F-44E3-8599-B906EA7C4045}"
EndProject
Global
	GlobalSection(SolutionConfigurationPlatforms) = preSolution
		Debug|Any CPU = Debug|Any CPU
		Release|Any CPU = Release|Any CPU
	EndGlobalSection
	GlobalSection(ProjectConfigurationPlatforms) = postSolution
		{92D0323F-220F-44E3-8599-B906EA7C4045}.Debug|Any CPU.ActiveCfg = Debug|Any CPU
		{92D0323F-220F-44E3-8599-B906EA7C4045}.Debug|Any CPU.Build.0 = Debug|Any CPU
		{92D0323F-220F-44E3-8599-B906EA7C4045}.Release|Any CPU.ActiveCfg = Release|Any CPU
		{92D0323F-220F-44E3-8599-B906EA7C4045}.Release|Any CPU.Build.0 = Release|Any CPU
	EndGlobalSection
	GlobalSection(SolutionProperties) = preSolution
		HideSolutionNode = FALSE
	EndGlobalSection
	GlobalSection(ExtensibilityGlobals) = postSolution
		SolutionGuid = {B9720E7E-0F55-407D-BF80-5A7AFDAC5D7B}
	EndGlobalSection
EndGlobal
